
Microsoft Visual Studio Solution File, Format Version 12.00
# Visual Studio Version 17
VisualStudioVersion = 17.11.35222.181
MinimumVisualStudioVersion = 10.0.40219.1
Project("{9A19103F-16F7-4668-BE54-9A1E7A4F7556}") = "CompteBancaire", "ExoPOO\CompteBancaire.csproj", "{8656FB6A-3B3D-4F71-951B-119E0631DB4C}"
EndProject
Project("{9A19103F-16F7-4668-BE54-9A1E7A4F7556}") = "ClassLibraryCompteBancaire", "ClassLibraryCompteBancaire\ClassLibraryCompteBancaire.csproj", "{C667F02A-8237-4071-BDF3-D5B5E01D5C63}"
EndProject
Project("{9A19103F-16F7-4668-BE54-9A1E7A4F7556}") = "Point", "Point\Point.csproj", "{9C9C06E5-789A-495E-9D3A-D7D271E7E3A3}"
EndProject
Project("{9A19103F-16F7-4668-BE54-9A1E7A4F7556}") = "ClassLibraryPoint", "ClassLibraryPoint\ClassLibraryPoint.csproj", "{38594B76-B443-4532-A66C-856B7B2218B0}"
EndProject
Project("{9A19103F-16F7-4668-BE54-9A1E7A4F7556}") = "ClassLibraryFractions", "ClassLibraryFraction\ClassLibraryFractions.csproj", "{BD272C56-E477-486F-B30A-21623DD6C580}"
EndProject
Project("{2150E333-8FDC-42A3-9474-1A3956D46DE8}") = "DPoint", "DPoint", "{BC3807E2-FAA7-43EF-BF21-1463BBE7E892}"
EndProject
Project("{2150E333-8FDC-42A3-9474-1A3956D46DE8}") = "DCompteBancaire", "DCompteBancaire", "{AE92F1E0-22D6-412D-A856-6292EBE6C659}"
EndProject
Project("{2150E333-8FDC-42A3-9474-1A3956D46DE8}") = "DFraction", "DFraction", "{DD0C4722-579C-4DBD-B317-24858FB24958}"
EndProject
Global
	GlobalSection(SolutionConfigurationPlatforms) = preSolution
		Debug|Any CPU = Debug|Any CPU
		Release|Any CPU = Release|Any CPU
	EndGlobalSection
	GlobalSection(ProjectConfigurationPlatforms) = postSolution
		{8656FB6A-3B3D-4F71-951B-119E0631DB4C}.Debug|Any CPU.ActiveCfg = Debug|Any CPU
		{8656FB6A-3B3D-4F71-951B-119E0631DB4C}.Debug|Any CPU.Build.0 = Debug|Any CPU
		{8656FB6A-3B3D-4F71-951B-119E0631DB4C}.Release|Any CPU.ActiveCfg = Release|Any CPU
		{8656FB6A-3B3D-4F71-951B-119E0631DB4C}.Release|Any CPU.Build.0 = Release|Any CPU
		{C667F02A-8237-4071-BDF3-D5B5E01D5C63}.Debug|Any CPU.ActiveCfg = Debug|Any CPU
		{C667F02A-8237-4071-BDF3-D5B5E01D5C63}.Debug|Any CPU.Build.0 = Debug|Any CPU
		{C667F02A-8237-4071-BDF3-D5B5E01D5C63}.Release|Any CPU.ActiveCfg = Release|Any CPU
		{C667F02A-8237-4071-BDF3-D5B5E01D5C63}.Release|Any CPU.Build.0 = Release|Any CPU
		{9C9C06E5-789A-495E-9D3A-D7D271E7E3A3}.Debug|Any CPU.ActiveCfg = Debug|Any CPU
		{9C9C06E5-789A-495E-9D3A-D7D271E7E3A3}.Debug|Any CPU.Build.0 = Debug|Any CPU
		{9C9C06E5-789A-495E-9D3A-D7D271E7E3A3}.Release|Any CPU.ActiveCfg = Release|Any CPU
		{9C9C06E5-789A-495E-9D3A-D7D271E7E3A3}.Release|Any CPU.Build.0 = Release|Any CPU
		{38594B76-B443-4532-A66C-856B7B2218B0}.Debug|Any CPU.ActiveCfg = Debug|Any CPU
		{38594B76-B443-4532-A66C-856B7B2218B0}.Debug|Any CPU.Build.0 = Debug|Any CPU
		{38594B76-B443-4532-A66C-856B7B2218B0}.Release|Any CPU.ActiveCfg = Release|Any CPU
		{38594B76-B443-4532-A66C-856B7B2218B0}.Release|Any CPU.Build.0 = Release|Any CPU
		{BD272C56-E477-486F-B30A-21623DD6C580}.Debug|Any CPU.ActiveCfg = Debug|Any CPU
		{BD272C56-E477-486F-B30A-21623DD6C580}.Debug|Any CPU.Build.0 = Debug|Any CPU
		{BD272C56-E477-486F-B30A-21623DD6C580}.Release|Any CPU.ActiveCfg = Release|Any CPU
		{BD272C56-E477-486F-B30A-21623DD6C580}.Release|Any CPU.Build.0 = Release|Any CPU
	EndGlobalSection
	GlobalSection(SolutionProperties) = preSolution
		HideSolutionNode = FALSE
	EndGlobalSection
	GlobalSection(NestedProjects) = preSolution
		{8656FB6A-3B3D-4F71-951B-119E0631DB4C} = {AE92F1E0-22D6-412D-A856-6292EBE6C659}
		{C667F02A-8237-4071-BDF3-D5B5E01D5C63} = {AE92F1E0-22D6-412D-A856-6292EBE6C659}
		{9C9C06E5-789A-495E-9D3A-D7D271E7E3A3} = {BC3807E2-FAA7-43EF-BF21-1463BBE7E892}
		{38594B76-B443-4532-A66C-856B7B2218B0} = {BC3807E2-FAA7-43EF-BF21-1463BBE7E892}
		{BD272C56-E477-486F-B30A-21623DD6C580} = {DD0C4722-579C-4DBD-B317-24858FB24958}
	EndGlobalSection
	GlobalSection(ExtensibilityGlobals) = postSolution
		SolutionGuid = {15ABBB02-132C-4E81-8045-C03149C38DA2}
	EndGlobalSection
EndGlobal
